// !$*UTF8*$!
{
	archiveVersion = 1;
	classes = {
	};
	objectVersion = 56;
	objects = {

/* Begin PBXBuildFile section */
		BBFF5F112DBD268400E5677A /* AppDelegate.swift in Sources */ = {isa = PBXBuildFile; fileRef = BBFF5F102DBD268400E5677A /* AppDelegate.swift */; };
		BBFF5F132DBD268400E5677A /* SceneDelegate.swift in Sources */ = {isa = PBXBuildFile; fileRef = BBFF5F122DBD268400E5677A /* SceneDelegate.swift */; };
		BBFF5F152DBD268400E5677A /* ViewController.swift in Sources */ = {isa = PBXBuildFile; fileRef = BBFF5F142DBD268400E5677A /* ViewController.swift */; };
		BBFF5F1A2DBD268500E5677A /* Assets.xcassets in Resources */ = {isa = PBXBuildFile; fileRef = BBFF5F192DBD268500E5677A /* Assets.xcassets */; };
		BBFF5F1D2DBD268500E5677A /* Base in Resources */ = {isa = PBXBuildFile; fileRef = BBFF5F1C2DBD268500E5677A /* Base */; };
		BBFF5F252DBD358000E5677A /* WelcomePageView.swift in Sources */ = {isa = PBXBuildFile; fileRef = BBFF5F242DBD358000E5677A /* WelcomePageView.swift */; };
		BBFF5F272DBD359900E5677A /* WelcomePageController.swift in Sources */ = {isa = PBXBuildFile; fileRef = BBFF5F262DBD359900E5677A /* WelcomePageController.swift */; };
		BBFF5F2A2DBD365200E5677A /* SnapKit in Frameworks */ = {isa = PBXBuildFile; productRef = BBFF5F292DBD365200E5677A /* SnapKit */; };
		BBFF5F2C2DC3908300E5677A /* LogInPageController.swift in Sources */ = {isa = PBXBuildFile; fileRef = BBFF5F2B2DC3908300E5677A /* LogInPageController.swift */; };
		BBFF5F2E2DC3909B00E5677A /* SignUpPageController.swift in Sources */ = {isa = PBXBuildFile; fileRef = BBFF5F2D2DC3909B00E5677A /* SignUpPageController.swift */; };
		BBFF5F302DC390C300E5677A /* ForgotPasswordPageController.swift in Sources */ = {isa = PBXBuildFile; fileRef = BBFF5F2F2DC390C300E5677A /* ForgotPasswordPageController.swift */; };
		BBFF5F322DC390F500E5677A /* SignUpLogInPageController.swift in Sources */ = {isa = PBXBuildFile; fileRef = BBFF5F312DC390F500E5677A /* SignUpLogInPageController.swift */; };
		BBFF5F352DC391CD00E5677A /* AuthHeaderView.swift in Sources */ = {isa = PBXBuildFile; fileRef = BBFF5F342DC391CD00E5677A /* AuthHeaderView.swift */; };
		BBFF5F372DC3A86C00E5677A /* CustomTextField.swift in Sources */ = {isa = PBXBuildFile; fileRef = BBFF5F362DC3A86C00E5677A /* CustomTextField.swift */; };
		BBFF5F392DC3EB2000E5677A /* CustomButton.swift in Sources */ = {isa = PBXBuildFile; fileRef = BBFF5F382DC3EB2000E5677A /* CustomButton.swift */; };
		BBFF5F3B2DC4F95B00E5677A /* TextButton.swift in Sources */ = {isa = PBXBuildFile; fileRef = BBFF5F3A2DC4F95B00E5677A /* TextButton.swift */; };
/* End PBXBuildFile section */

/* Begin PBXFileReference section */
		BBFF5F0D2DBD268400E5677A /* BN Academy.app */ = {isa = PBXFileReference; explicitFileType = wrapper.application; includeInIndex = 0; path = "BN Academy.app"; sourceTree = BUILT_PRODUCTS_DIR; };
		BBFF5F102DBD268400E5677A /* AppDelegate.swift */ = {isa = PBXFileReference; lastKnownFileType = sourcecode.swift; path = AppDelegate.swift; sourceTree = "<group>"; };
		BBFF5F122DBD268400E5677A /* SceneDelegate.swift */ = {isa = PBXFileReference; lastKnownFileType = sourcecode.swift; path = SceneDelegate.swift; sourceTree = "<group>"; };
		BBFF5F142DBD268400E5677A /* ViewController.swift */ = {isa = PBXFileReference; lastKnownFileType = sourcecode.swift; path = ViewController.swift; sourceTree = "<group>"; };
		BBFF5F192DBD268500E5677A /* Assets.xcassets */ = {isa = PBXFileReference; lastKnownFileType = folder.assetcatalog; path = Assets.xcassets; sourceTree = "<group>"; };
		BBFF5F1C2DBD268500E5677A /* Base */ = {isa = PBXFileReference; lastKnownFileType = file.storyboard; name = Base; path = Base.lproj/LaunchScreen.storyboard; sourceTree = "<group>"; };
		BBFF5F1E2DBD268500E5677A /* Info.plist */ = {isa = PBXFileReference; lastKnownFileType = text.plist.xml; path = Info.plist; sourceTree = "<group>"; };
		BBFF5F242DBD358000E5677A /* WelcomePageView.swift */ = {isa = PBXFileReference; lastKnownFileType = sourcecode.swift; path = WelcomePageView.swift; sourceTree = "<group>"; };
		BBFF5F262DBD359900E5677A /* WelcomePageController.swift */ = {isa = PBXFileReference; lastKnownFileType = sourcecode.swift; path = WelcomePageController.swift; sourceTree = "<group>"; };
		BBFF5F2B2DC3908300E5677A /* LogInPageController.swift */ = {isa = PBXFileReference; lastKnownFileType = sourcecode.swift; path = LogInPageController.swift; sourceTree = "<group>"; };
		BBFF5F2D2DC3909B00E5677A /* SignUpPageController.swift */ = {isa = PBXFileReference; lastKnownFileType = sourcecode.swift; path = SignUpPageController.swift; sourceTree = "<group>"; };
		BBFF5F2F2DC390C300E5677A /* ForgotPasswordPageController.swift */ = {isa = PBXFileReference; lastKnownFileType = sourcecode.swift; path = ForgotPasswordPageController.swift; sourceTree = "<group>"; };
		BBFF5F312DC390F500E5677A /* SignUpLogInPageController.swift */ = {isa = PBXFileReference; lastKnownFileType = sourcecode.swift; path = SignUpLogInPageController.swift; sourceTree = "<group>"; };
		BBFF5F342DC391CD00E5677A /* AuthHeaderView.swift */ = {isa = PBXFileReference; lastKnownFileType = sourcecode.swift; path = AuthHeaderView.swift; sourceTree = "<group>"; };
		BBFF5F362DC3A86C00E5677A /* CustomTextField.swift */ = {isa = PBXFileReference; lastKnownFileType = sourcecode.swift; path = CustomTextField.swift; sourceTree = "<group>"; };
		BBFF5F382DC3EB2000E5677A /* CustomButton.swift */ = {isa = PBXFileReference; lastKnownFileType = sourcecode.swift; path = CustomButton.swift; sourceTree = "<group>"; };
		BBFF5F3A2DC4F95B00E5677A /* TextButton.swift */ = {isa = PBXFileReference; lastKnownFileType = sourcecode.swift; path = TextButton.swift; sourceTree = "<group>"; };
/* End PBXFileReference section */

/* Begin PBXFrameworksBuildPhase section */
		BBFF5F0A2DBD268400E5677A /* Frameworks */ = {
			isa = PBXFrameworksBuildPhase;
			buildActionMask = 2147483647;
			files = (
				BBFF5F2A2DBD365200E5677A /* SnapKit in Frameworks */,
			);
			runOnlyForDeploymentPostprocessing = 0;
		};
/* End PBXFrameworksBuildPhase section */

/* Begin PBXGroup section */
		BBFF5F042DBD268400E5677A = {
			isa = PBXGroup;
			children = (
				BBFF5F0F2DBD268400E5677A /* BN Academy */,
				BBFF5F0E2DBD268400E5677A /* Products */,
			);
			sourceTree = "<group>";
		};
		BBFF5F0E2DBD268400E5677A /* Products */ = {
			isa = PBXGroup;
			children = (
				BBFF5F0D2DBD268400E5677A /* BN Academy.app */,
			);
			name = Products;
			sourceTree = "<group>";
		};
		BBFF5F0F2DBD268400E5677A /* BN Academy */ = {
			isa = PBXGroup;
			children = (
				BBFF5F332DC391B300E5677A /* View */,
				BBFF5F102DBD268400E5677A /* AppDelegate.swift */,
				BBFF5F122DBD268400E5677A /* SceneDelegate.swift */,
				BBFF5F142DBD268400E5677A /* ViewController.swift */,
				BBFF5F192DBD268500E5677A /* Assets.xcassets */,
				BBFF5F1B2DBD268500E5677A /* LaunchScreen.storyboard */,
				BBFF5F1E2DBD268500E5677A /* Info.plist */,
				BBFF5F242DBD358000E5677A /* WelcomePageView.swift */,
				BBFF5F262DBD359900E5677A /* WelcomePageController.swift */,
				BBFF5F2B2DC3908300E5677A /* LogInPageController.swift */,
				BBFF5F2D2DC3909B00E5677A /* SignUpPageController.swift */,
				BBFF5F2F2DC390C300E5677A /* ForgotPasswordPageController.swift */,
				BBFF5F312DC390F500E5677A /* SignUpLogInPageController.swift */,
			);
			path = "BN Academy";
			sourceTree = "<group>";
		};
		BBFF5F332DC391B300E5677A /* View */ = {
			isa = PBXGroup;
			children = (
				BBFF5F342DC391CD00E5677A /* AuthHeaderView.swift */,
				BBFF5F362DC3A86C00E5677A /* CustomTextField.swift */,
				BBFF5F382DC3EB2000E5677A /* CustomButton.swift */,
				BBFF5F3A2DC4F95B00E5677A /* TextButton.swift */,
			);
			path = View;
			sourceTree = "<group>";
		};
/* End PBXGroup section */

/* Begin PBXNativeTarget section */
		BBFF5F0C2DBD268400E5677A /* BN Academy */ = {
			isa = PBXNativeTarget;
			buildConfigurationList = BBFF5F212DBD268500E5677A /* Build configuration list for PBXNativeTarget "BN Academy" */;
			buildPhases = (
				BBFF5F092DBD268400E5677A /* Sources */,
				BBFF5F0A2DBD268400E5677A /* Frameworks */,
				BBFF5F0B2DBD268400E5677A /* Resources */,
			);
			buildRules = (
			);
			dependencies = (
			);
			name = "BN Academy";
			packageProductDependencies = (
				BBFF5F292DBD365200E5677A /* SnapKit */,
			);
			productName = "BN Academy";
			productReference = BBFF5F0D2DBD268400E5677A /* BN Academy.app */;
			productType = "com.apple.product-type.application";
		};
/* End PBXNativeTarget section */

/* Begin PBXProject section */
		BBFF5F052DBD268400E5677A /* Project object */ = {
			isa = PBXProject;
			attributes = {
				BuildIndependentTargetsInParallel = 1;
				LastSwiftUpdateCheck = 1540;
				LastUpgradeCheck = 1540;
				TargetAttributes = {
					BBFF5F0C2DBD268400E5677A = {
						CreatedOnToolsVersion = 15.4;
					};
				};
			};
			buildConfigurationList = BBFF5F082DBD268400E5677A /* Build configuration list for PBXProject "BN Academy" */;
			compatibilityVersion = "Xcode 14.0";
			developmentRegion = en;
			hasScannedForEncodings = 0;
			knownRegions = (
				en,
				Base,
			);
			mainGroup = BBFF5F042DBD268400E5677A;
			packageReferences = (
				BBFF5F282DBD365200E5677A /* XCRemoteSwiftPackageReference "SnapKit" */,
			);
			productRefGroup = BBFF5F0E2DBD268400E5677A /* Products */;
			projectDirPath = "";
			projectRoot = "";
			targets = (
				BBFF5F0C2DBD268400E5677A /* BN Academy */,
			);
		};
/* End PBXProject section */

/* Begin PBXResourcesBuildPhase section */
		BBFF5F0B2DBD268400E5677A /* Resources */ = {
			isa = PBXResourcesBuildPhase;
			buildActionMask = 2147483647;
			files = (
				BBFF5F1A2DBD268500E5677A /* Assets.xcassets in Resources */,
				BBFF5F1D2DBD268500E5677A /* Base in Resources */,
			);
			runOnlyForDeploymentPostprocessing = 0;
		};
/* End PBXResourcesBuildPhase section */

/* Begin PBXSourcesBuildPhase section */
		BBFF5F092DBD268400E5677A /* Sources */ = {
			isa = PBXSourcesBuildPhase;
			buildActionMask = 2147483647;
			files = (
				BBFF5F322DC390F500E5677A /* SignUpLogInPageController.swift in Sources */,
				BBFF5F372DC3A86C00E5677A /* CustomTextField.swift in Sources */,
				BBFF5F252DBD358000E5677A /* WelcomePageView.swift in Sources */,
				BBFF5F3B2DC4F95B00E5677A /* TextButton.swift in Sources */,
				BBFF5F152DBD268400E5677A /* ViewController.swift in Sources */,
				BBFF5F352DC391CD00E5677A /* AuthHeaderView.swift in Sources */,
				BBFF5F302DC390C300E5677A /* ForgotPasswordPageController.swift in Sources */,
				BBFF5F112DBD268400E5677A /* AppDelegate.swift in Sources */,
				BBFF5F272DBD359900E5677A /* WelcomePageController.swift in Sources */,
				BBFF5F392DC3EB2000E5677A /* CustomButton.swift in Sources */,
				BBFF5F2C2DC3908300E5677A /* LogInPageController.swift in Sources */,
				BBFF5F132DBD268400E5677A /* SceneDelegate.swift in Sources */,
				BBFF5F2E2DC3909B00E5677A /* SignUpPageController.swift in Sources */,
			);
			runOnlyForDeploymentPostprocessing = 0;
		};
/* End PBXSourcesBuildPhase section */

/* Begin PBXVariantGroup section */
		BBFF5F1B2DBD268500E5677A /* LaunchScreen.storyboard */ = {
			isa = PBXVariantGroup;
			children = (
				BBFF5F1C2DBD268500E5677A /* Base */,
			);
			name = LaunchScreen.storyboard;
			sourceTree = "<group>";
		};
/* End PBXVariantGroup section */

/* Begin XCBuildConfiguration section */
		BBFF5F1F2DBD268500E5677A /* Debug */ = {
			isa = XCBuildConfiguration;
			buildSettings = {
				ALWAYS_SEARCH_USER_PATHS = NO;
				ASSETCATALOG_COMPILER_GENERATE_SWIFT_ASSET_SYMBOL_EXTENSIONS = YES;
				CLANG_ANALYZER_NONNULL = YES;
				CLANG_ANALYZER_NUMBER_OBJECT_CONVERSION = YES_AGGRESSIVE;
				CLANG_CXX_LANGUAGE_STANDARD = "gnu++20";
				CLANG_ENABLE_MODULES = YES;
				CLANG_ENABLE_OBJC_ARC = YES;
				CLANG_ENABLE_OBJC_WEAK = YES;
				CLANG_WARN_BLOCK_CAPTURE_AUTORELEASING = YES;
				CLANG_WARN_BOOL_CONVERSION = YES;
				CLANG_WARN_COMMA = YES;
				CLANG_WARN_CONSTANT_CONVERSION = YES;
				CLANG_WARN_DEPRECATED_OBJC_IMPLEMENTATIONS = YES;
				CLANG_WARN_DIRECT_OBJC_ISA_USAGE = YES_ERROR;
				CLANG_WARN_DOCUMENTATION_COMMENTS = YES;
				CLANG_WARN_EMPTY_BODY = YES;
				CLANG_WARN_ENUM_CONVERSION = YES;
				CLANG_WARN_INFINITE_RECURSION = YES;
				CLANG_WARN_INT_CONVERSION = YES;
				CLANG_WARN_NON_LITERAL_NULL_CONVERSION = YES;
				CLANG_WARN_OBJC_IMPLICIT_RETAIN_SELF = YES;
				CLANG_WARN_OBJC_LITERAL_CONVERSION = YES;
				CLANG_WARN_OBJC_ROOT_CLASS = YES_ERROR;
				CLANG_WARN_QUOTED_INCLUDE_IN_FRAMEWORK_HEADER = YES;
				CLANG_WARN_RANGE_LOOP_ANALYSIS = YES;
				CLANG_WARN_STRICT_PROTOTYPES = YES;
				CLANG_WARN_SUSPICIOUS_MOVE = YES;
				CLANG_WARN_UNGUARDED_AVAILABILITY = YES_AGGRESSIVE;
				CLANG_WARN_UNREACHABLE_CODE = YES;
				CLANG_WARN__DUPLICATE_METHOD_MATCH = YES;
				COPY_PHASE_STRIP = NO;
				DEBUG_INFORMATION_FORMAT = dwarf;
				ENABLE_STRICT_OBJC_MSGSEND = YES;
				ENABLE_TESTABILITY = YES;
				ENABLE_USER_SCRIPT_SANDBOXING = YES;
				GCC_C_LANGUAGE_STANDARD = gnu17;
				GCC_DYNAMIC_NO_PIC = NO;
				GCC_NO_COMMON_BLOCKS = YES;
				GCC_OPTIMIZATION_LEVEL = 0;
				GCC_PREPROCESSOR_DEFINITIONS = (
					"DEBUG=1",
					"$(inherited)",
				);
				GCC_WARN_64_TO_32_BIT_CONVERSION = YES;
				GCC_WARN_ABOUT_RETURN_TYPE = YES_ERROR;
				GCC_WARN_UNDECLARED_SELECTOR = YES;
				GCC_WARN_UNINITIALIZED_AUTOS = YES_AGGRESSIVE;
				GCC_WARN_UNUSED_FUNCTION = YES;
				GCC_WARN_UNUSED_VARIABLE = YES;
				IPHONEOS_DEPLOYMENT_TARGET = 17.5;
				LOCALIZATION_PREFERS_STRING_CATALOGS = YES;
				MTL_ENABLE_DEBUG_INFO = INCLUDE_SOURCE;
				MTL_FAST_MATH = YES;
				ONLY_ACTIVE_ARCH = YES;
				SDKROOT = iphoneos;
				SWIFT_ACTIVE_COMPILATION_CONDITIONS = "DEBUG $(inherited)";
				SWIFT_OPTIMIZATION_LEVEL = "-Onone";
			};
			name = Debug;
		};
		BBFF5F202DBD268500E5677A /* Release */ = {
			isa = XCBuildConfiguration;
			buildSettings = {
				ALWAYS_SEARCH_USER_PATHS = NO;
				ASSETCATALOG_COMPILER_GENERATE_SWIFT_ASSET_SYMBOL_EXTENSIONS = YES;
				CLANG_ANALYZER_NONNULL = YES;
				CLANG_ANALYZER_NUMBER_OBJECT_CONVERSION = YES_AGGRESSIVE;
				CLANG_CXX_LANGUAGE_STANDARD = "gnu++20";
				CLANG_ENABLE_MODULES = YES;
				CLANG_ENABLE_OBJC_ARC = YES;
				CLANG_ENABLE_OBJC_WEAK = YES;
				CLANG_WARN_BLOCK_CAPTURE_AUTORELEASING = YES;
				CLANG_WARN_BOOL_CONVERSION = YES;
				CLANG_WARN_COMMA = YES;
				CLANG_WARN_CONSTANT_CONVERSION = YES;
				CLANG_WARN_DEPRECATED_OBJC_IMPLEMENTATIONS = YES;
				CLANG_WARN_DIRECT_OBJC_ISA_USAGE = YES_ERROR;
				CLANG_WARN_DOCUMENTATION_COMMENTS = YES;
				CLANG_WARN_EMPTY_BODY = YES;
				CLANG_WARN_ENUM_CONVERSION = YES;
				CLANG_WARN_INFINITE_RECURSION = YES;
				CLANG_WARN_INT_CONVERSION = YES;
				CLANG_WARN_NON_LITERAL_NULL_CONVERSION = YES;
				CLANG_WARN_OBJC_IMPLICIT_RETAIN_SELF = YES;
				CLANG_WARN_OBJC_LITERAL_CONVERSION = YES;
				CLANG_WARN_OBJC_ROOT_CLASS = YES_ERROR;
				CLANG_WARN_QUOTED_INCLUDE_IN_FRAMEWORK_HEADER = YES;
				CLANG_WARN_RANGE_LOOP_ANALYSIS = YES;
				CLANG_WARN_STRICT_PROTOTYPES = YES;
				CLANG_WARN_SUSPICIOUS_MOVE = YES;
				CLANG_WARN_UNGUARDED_AVAILABILITY = YES_AGGRESSIVE;
				CLANG_WARN_UNREACHABLE_CODE = YES;
				CLANG_WARN__DUPLICATE_METHOD_MATCH = YES;
				COPY_PHASE_STRIP = NO;
				DEBUG_INFORMATION_FORMAT = "dwarf-with-dsym";
				ENABLE_NS_ASSERTIONS = NO;
				ENABLE_STRICT_OBJC_MSGSEND = YES;
				ENABLE_USER_SCRIPT_SANDBOXING = YES;
				GCC_C_LANGUAGE_STANDARD = gnu17;
				GCC_NO_COMMON_BLOCKS = YES;
				GCC_WARN_64_TO_32_BIT_CONVERSION = YES;
				GCC_WARN_ABOUT_RETURN_TYPE = YES_ERROR;
				GCC_WARN_UNDECLARED_SELECTOR = YES;
				GCC_WARN_UNINITIALIZED_AUTOS = YES_AGGRESSIVE;
				GCC_WARN_UNUSED_FUNCTION = YES;
				GCC_WARN_UNUSED_VARIABLE = YES;
				IPHONEOS_DEPLOYMENT_TARGET = 17.5;
				LOCALIZATION_PREFERS_STRING_CATALOGS = YES;
				MTL_ENABLE_DEBUG_INFO = NO;
				MTL_FAST_MATH = YES;
				SDKROOT = iphoneos;
				SWIFT_COMPILATION_MODE = wholemodule;
				VALIDATE_PRODUCT = YES;
			};
			name = Release;
		};
		BBFF5F222DBD268500E5677A /* Debug */ = {
			isa = XCBuildConfiguration;
			buildSettings = {
				ASSETCATALOG_COMPILER_APPICON_NAME = AppIcon;
				ASSETCATALOG_COMPILER_GLOBAL_ACCENT_COLOR_NAME = AccentColor;
				CODE_SIGN_STYLE = Automatic;
				CURRENT_PROJECT_VERSION = 1;
				GENERATE_INFOPLIST_FILE = YES;
				INFOPLIST_FILE = "BN Academy/Info.plist";
				INFOPLIST_KEY_UIApplicationSupportsIndirectInputEvents = YES;
				INFOPLIST_KEY_UILaunchStoryboardName = LaunchScreen;
				INFOPLIST_KEY_UISupportedInterfaceOrientations_iPad = "UIInterfaceOrientationPortrait UIInterfaceOrientationPortraitUpsideDown UIInterfaceOrientationLandscapeLeft UIInterfaceOrientationLandscapeRight";
				INFOPLIST_KEY_UISupportedInterfaceOrientations_iPhone = "UIInterfaceOrientationPortrait UIInterfaceOrientationLandscapeLeft UIInterfaceOrientationLandscapeRight";
				LD_RUNPATH_SEARCH_PATHS = (
					"$(inherited)",
					"@executable_path/Frameworks",
				);
				MARKETING_VERSION = 1.0;
				PRODUCT_BUNDLE_IDENTIFIER = "com.assylzhan.BN-Academy";
				PRODUCT_NAME = "$(TARGET_NAME)";
				SWIFT_EMIT_LOC_STRINGS = YES;
				SWIFT_VERSION = 5.0;
				TARGETED_DEVICE_FAMILY = "1,2";
			};
			name = Debug;
		};
		BBFF5F232DBD268500E5677A /* Release */ = {
			isa = XCBuildConfiguration;
			buildSettings = {
				ASSETCATALOG_COMPILER_APPICON_NAME = AppIcon;
				ASSETCATALOG_COMPILER_GLOBAL_ACCENT_COLOR_NAME = AccentColor;
				CODE_SIGN_STYLE = Automatic;
				CURRENT_PROJECT_VERSION = 1;
				GENERATE_INFOPLIST_FILE = YES;
				INFOPLIST_FILE = "BN Academy/Info.plist";
				INFOPLIST_KEY_UIApplicationSupportsIndirectInputEvents = YES;
				INFOPLIST_KEY_UILaunchStoryboardName = LaunchScreen;
				INFOPLIST_KEY_UISupportedInterfaceOrientations_iPad = "UIInterfaceOrientationPortrait UIInterfaceOrientationPortraitUpsideDown UIInterfaceOrientationLandscapeLeft UIInterfaceOrientationLandscapeRight";
				INFOPLIST_KEY_UISupportedInterfaceOrientations_iPhone = "UIInterfaceOrientationPortrait UIInterfaceOrientationLandscapeLeft UIInterfaceOrientationLandscapeRight";
				LD_RUNPATH_SEARCH_PATHS = (
					"$(inherited)",
					"@executable_path/Frameworks",
				);
				MARKETING_VERSION = 1.0;
				PRODUCT_BUNDLE_IDENTIFIER = "com.assylzhan.BN-Academy";
				PRODUCT_NAME = "$(TARGET_NAME)";
				SWIFT_EMIT_LOC_STRINGS = YES;
				SWIFT_VERSION = 5.0;
				TARGETED_DEVICE_FAMILY = "1,2";
			};
			name = Release;
		};
/* End XCBuildConfiguration section */

/* Begin XCConfigurationList section */
		BBFF5F082DBD268400E5677A /* Build configuration list for PBXProject "BN Academy" */ = {
			isa = XCConfigurationList;
			buildConfigurations = (
				BBFF5F1F2DBD268500E5677A /* Debug */,
				BBFF5F202DBD268500E5677A /* Release */,
			);
			defaultConfigurationIsVisible = 0;
			defaultConfigurationName = Release;
		};
		BBFF5F212DBD268500E5677A /* Build configuration list for PBXNativeTarget "BN Academy" */ = {
			isa = XCConfigurationList;
			buildConfigurations = (
				BBFF5F222DBD268500E5677A /* Debug */,
				BBFF5F232DBD268500E5677A /* Release */,
			);
			defaultConfigurationIsVisible = 0;
			defaultConfigurationName = Release;
		};
/* End XCConfigurationList section */

/* Begin XCRemoteSwiftPackageReference section */
		BBFF5F282DBD365200E5677A /* XCRemoteSwiftPackageReference "SnapKit" */ = {
			isa = XCRemoteSwiftPackageReference;
			repositoryURL = "https://github.com/SnapKit/SnapKit.git";
			requirement = {
				kind = upToNextMajorVersion;
				minimumVersion = 5.7.1;
			};
		};
/* End XCRemoteSwiftPackageReference section */

/* Begin XCSwiftPackageProductDependency section */
		BBFF5F292DBD365200E5677A /* SnapKit */ = {
			isa = XCSwiftPackageProductDependency;
			package = BBFF5F282DBD365200E5677A /* XCRemoteSwiftPackageReference "SnapKit" */;
			productName = SnapKit;
		};
/* End XCSwiftPackageProductDependency section */
	};
	rootObject = BBFF5F052DBD268400E5677A /* Project object */;
}
